
Microsoft Visual Studio Solution File, Format Version 12.00
# Visual Studio Version 16
VisualStudioVersion = 16.0.33529.622
MinimumVisualStudioVersion = 10.0.40219.1
Project("{FAE04EC0-301F-11D3-BF4B-00C04F79EFBC}") = "director", "director\director.csproj", "{A215CC69-DA95-447A-9559-130952F65176}"
EndProject
Global
	GlobalSection(SolutionConfigurationPlatforms) = preSolution
		Debug|Any CPU = Debug|Any CPU
		Release|Any CPU = Release|Any CPU
	EndGlobalSection
	GlobalSection(ProjectConfigurationPlatforms) = postSolution
		{A215CC69-DA95-447A-9559-130952F65176}.Debug|Any CPU.ActiveCfg = Debug|Any CPU
		{A215CC69-DA95-447A-9559-130952F65176}.Debug|Any CPU.Build.0 = Debug|Any CPU
		{A215CC69-DA95-447A-9559-130952F65176}.Release|Any CPU.ActiveCfg = Release|Any CPU
		{A215CC69-DA95-447A-9559-130952F65176}.Release|Any CPU.Build.0 = Release|Any CPU
	EndGlobalSection
	GlobalSection(SolutionProperties) = preSolution
		HideSolutionNode = FALSE
	EndGlobalSection
	GlobalSection(ExtensibilityGlobals) = postSolution
		SolutionGuid = {85809CD8-069C-4834-9A51-68EEE6F6A2EC}
	EndGlobalSection
EndGlobal
